Microsoft Visual Studio Solution File, Format Version 10.00
# Visual Studio 2008
Project("{8BC9CEB8-8B4A-11D0-8D11-00A0C91BC942}") = "DRAWCLI", "DRAWCLI_600.vcproj", "{59D751F3-48F9-441B-851C-5C9946D9D034}"
EndProject
Global
	GlobalSection(SolutionConfigurationPlatforms) = preSolution
		ANSI Debug|Win32 = ANSI Debug|Win32
		ANSI Release|Win32 = ANSI Release|Win32
		Debug|Win32 = Debug|Win32
		MBCS Debug|Win32 = MBCS Debug|Win32
		MBCS Release|Win32 = MBCS Release|Win32
		Release|Win32 = Release|Win32
		Static ANSI Debug with MFC DLL|Win32 = Static ANSI Debug with MFC DLL|Win32
		Static ANSI Debug|Win32 = Static ANSI Debug|Win32
		Static ANSI Release with MFC DLL|Win32 = Static ANSI Release with MFC DLL|Win32
		Static ANSI Release|Win32 = Static ANSI Release|Win32
		Static MBCS Debug with MFC DLL|Win32 = Static MBCS Debug with MFC DLL|Win32
		Static MBCS Debug|Win32 = Static MBCS Debug|Win32
		Static MBCS Release with MFC DLL|Win32 = Static MBCS Release with MFC DLL|Win32
		Static MBCS Release|Win32 = Static MBCS Release|Win32
		Static Unicode Debug with MFC DLL|Win32 = Static Unicode Debug with MFC DLL|Win32
		Static Unicode Debug|Win32 = Static Unicode Debug|Win32
		Static Unicode Release with MFC DLL|Win32 = Static Unicode Release with MFC DLL|Win32
		Static Unicode Release|Win32 = Static Unicode Release|Win32
		Unicode Debug|Win32 = Unicode Debug|Win32
		Unicode Release|Win32 = Unicode Release|Win32
	EndGlobalSection
	GlobalSection(ProjectConfigurationPlatforms) = postSolution
		{59D751F3-48F9-441B-851C-5C9946D9D034}.ANSI Debug|Win32.ActiveCfg = MBCS Debug|Win32
		{59D751F3-48F9-441B-851C-5C9946D9D034}.ANSI Debug|Win32.Build.0 = MBCS Debug|Win32
		{59D751F3-48F9-441B-851C-5C9946D9D034}.ANSI Release|Win32.ActiveCfg = MBCS Debug|Win32
		{59D751F3-48F9-441B-851C-5C9946D9D034}.ANSI Release|Win32.Build.0 = MBCS Debug|Win32
		{59D751F3-48F9-441B-851C-5C9946D9D034}.Debug|Win32.ActiveCfg = MBCS Debug|Win32
		{59D751F3-48F9-441B-851C-5C9946D9D034}.Debug|Win32.Build.0 = MBCS Debug|Win32
		{59D751F3-48F9-441B-851C-5C9946D9D034}.MBCS Debug|Win32.ActiveCfg = MBCS Debug|Win32
		{59D751F3-48F9-441B-851C-5C9946D9D034}.MBCS Debug|Win32.Build.0 = MBCS Debug|Win32
		{59D751F3-48F9-441B-851C-5C9946D9D034}.MBCS Release|Win32.ActiveCfg = MBCS Release|Win32
		{59D751F3-48F9-441B-851C-5C9946D9D034}.MBCS Release|Win32.Build.0 = MBCS Release|Win32
		{59D751F3-48F9-441B-851C-5C9946D9D034}.Release|Win32.ActiveCfg = MBCS Release|Win32
		{59D751F3-48F9-441B-851C-5C9946D9D034}.Release|Win32.Build.0 = MBCS Release|Win32
		{59D751F3-48F9-441B-851C-5C9946D9D034}.Static ANSI Debug with MFC DLL|Win32.ActiveCfg = MBCS Debug|Win32
		{59D751F3-48F9-441B-851C-5C9946D9D034}.Static ANSI Debug with MFC DLL|Win32.Build.0 = MBCS Debug|Win32
		{59D751F3-48F9-441B-851C-5C9946D9D034}.Static ANSI Debug|Win32.ActiveCfg = MBCS Debug|Win32
		{59D751F3-48F9-441B-851C-5C9946D9D034}.Static ANSI Debug|Win32.Build.0 = MBCS Debug|Win32
		{59D751F3-48F9-441B-851C-5C9946D9D034}.Static ANSI Release with MFC DLL|Win32.ActiveCfg = MBCS Debug|Win32
		{59D751F3-48F9-441B-851C-5C9946D9D034}.Static ANSI Release with MFC DLL|Win32.Build.0 = MBCS Debug|Win32
		{59D751F3-48F9-441B-851C-5C9946D9D034}.Static ANSI Release|Win32.ActiveCfg = MBCS Debug|Win32
		{59D751F3-48F9-441B-851C-5C9946D9D034}.Static ANSI Release|Win32.Build.0 = MBCS Debug|Win32
		{59D751F3-48F9-441B-851C-5C9946D9D034}.Static MBCS Debug with MFC DLL|Win32.ActiveCfg = MBCS Debug|Win32
		{59D751F3-48F9-441B-851C-5C9946D9D034}.Static MBCS Debug with MFC DLL|Win32.Build.0 = MBCS Debug|Win32
		{59D751F3-48F9-441B-851C-5C9946D9D034}.Static MBCS Debug|Win32.ActiveCfg = MBCS Debug|Win32
		{59D751F3-48F9-441B-851C-5C9946D9D034}.Static MBCS Debug|Win32.Build.0 = MBCS Debug|Win32
		{59D751F3-48F9-441B-851C-5C9946D9D034}.Static MBCS Release with MFC DLL|Win32.ActiveCfg = MBCS Release|Win32
		{59D751F3-48F9-441B-851C-5C9946D9D034}.Static MBCS Release with MFC DLL|Win32.Build.0 = MBCS Release|Win32
		{59D751F3-48F9-441B-851C-5C9946D9D034}.Static MBCS Release|Win32.ActiveCfg = MBCS Release|Win32
		{59D751F3-48F9-441B-851C-5C9946D9D034}.Static MBCS Release|Win32.Build.0 = MBCS Release|Win32
		{59D751F3-48F9-441B-851C-5C9946D9D034}.Static Unicode Debug with MFC DLL|Win32.ActiveCfg = MBCS Debug|Win32
		{59D751F3-48F9-441B-851C-5C9946D9D034}.Static Unicode Debug with MFC DLL|Win32.Build.0 = MBCS Debug|Win32
		{59D751F3-48F9-441B-851C-5C9946D9D034}.Static Unicode Debug|Win32.ActiveCfg = MBCS Debug|Win32
		{59D751F3-48F9-441B-851C-5C9946D9D034}.Static Unicode Debug|Win32.Build.0 = MBCS Debug|Win32
		{59D751F3-48F9-441B-851C-5C9946D9D034}.Static Unicode Release with MFC DLL|Win32.ActiveCfg = MBCS Debug|Win32
		{59D751F3-48F9-441B-851C-5C9946D9D034}.Static Unicode Release with MFC DLL|Win32.Build.0 = MBCS Debug|Win32
		{59D751F3-48F9-441B-851C-5C9946D9D034}.Static Unicode Release|Win32.ActiveCfg = MBCS Debug|Win32
		{59D751F3-48F9-441B-851C-5C9946D9D034}.Static Unicode Release|Win32.Build.0 = MBCS Debug|Win32
		{59D751F3-48F9-441B-851C-5C9946D9D034}.Unicode Debug|Win32.ActiveCfg = MBCS Debug|Win32
		{59D751F3-48F9-441B-851C-5C9946D9D034}.Unicode Debug|Win32.Build.0 = MBCS Debug|Win32
		{59D751F3-48F9-441B-851C-5C9946D9D034}.Unicode Release|Win32.ActiveCfg = MBCS Debug|Win32
		{59D751F3-48F9-441B-851C-5C9946D9D034}.Unicode Release|Win32.Build.0 = MBCS Debug|Win32
	EndGlobalSection
	GlobalSection(SolutionProperties) = preSolution
		HideSolutionNode = FALSE
	EndGlobalSection
EndGlobal
