
Microsoft Visual Studio Solution File, Format Version 9.00
# Visual Studio 2005
Project("{8BC9CEB8-8B4A-11D0-8D11-00A0C91BC942}") = "Sample", "Sample.vcproj", "{6CA65C46-32F0-468F-9EE6-1AE0A50A0A10}"
EndProject
Global
	GlobalSection(SolutionConfigurationPlatforms) = preSolution
		Debug|Win32 = Debug|Win32
		Release|Win32 = Release|Win32
	EndGlobalSection
	GlobalSection(ProjectConfigurationPlatforms) = postSolution
		{6CA65C46-32F0-468F-9EE6-1AE0A50A0A10}.Debug|Win32.ActiveCfg = Debug|Win32
		{6CA65C46-32F0-468F-9EE6-1AE0A50A0A10}.Debug|Win32.Build.0 = Debug|Win32
		{6CA65C46-32F0-468F-9EE6-1AE0A50A0A10}.Release|Win32.ActiveCfg = Release|Win32
		{6CA65C46-32F0-468F-9EE6-1AE0A50A0A10}.Release|Win32.Build.0 = Release|Win32
	EndGlobalSection
	GlobalSection(SolutionProperties) = preSolution
		HideSolutionNode = FALSE
	EndGlobalSection
EndGlobal
